lockfileVersion: "6.0"

settings:
  autoInstallPeers: true
  excludeLinksFromLockfile: false

dependencies:
  "@types/minimist":
    specifier: ^1.2.2
    version: 1.2.2
  acorn:
    specifier: ^8.10.0
    version: 8.10.0
  acorn-import-assertions:
    specifier: ^1.9.0
    version: 1.9.0(acorn@8.10.0)
  minimist:
    specifier: ^1.2.8
    version: 1.2.8

devDependencies:
  "@types/node":
    specifier: ^20.5.8
    version: 20.5.8
  rollup:
    specifier: ^3.28.1
    version: 3.28.1

packages:
  /@types/minimist@1.2.2:
    resolution:
      {
        integrity: sha512-jhuKLIRrhvCPLqwPcx6INqmKeiA5EWrsCOPhrlFSrbrmU4ZMPjj5Ul/oLCMDO98XRUIwVm78xICz4EPCektzeQ==,
      }
    dev: false

  /@types/node@20.5.8:
    resolution:
      {
        integrity: sha512-eajsR9aeljqNhK028VG0Wuw+OaY5LLxYmxeoXynIoE6jannr9/Ucd1LL0hSSoafk5LTYG+FfqsyGt81Q6Zkybw==,
      }
    dev: true

  /acorn-import-assertions@1.9.0(acorn@8.10.0):
    resolution:
      {
        integrity: sha512-cmMwop9x+8KFhxvKrKfPYmN6/pKTYYHBqLa0DfvVZcKMJWNyWLnaqND7dx/qn66R7ewM1UX5XMaDVP5wlVTaVA==,
      }
    peerDependencies:
      acorn: ^8
    dependencies:
      acorn: 8.10.0
    dev: false

  /acorn@8.10.0:
    resolution:
      {
        integrity: sha512-F0SAmZ8iUtS//m8DmCTA0jlh6TDKkHQyK6xc6V4KDTyZKA9dnvX9/3sRTVQrWm79glUAZbnmmNcdYwUIHWVybw==,
      }
    engines: { node: ">=0.4.0" }
    hasBin: true
    dev: false

  /fsevents@2.3.3:
    resolution:
      {
        integrity: sha512-5xoDfX+fL7faATnagmWPpbFtwh/R77WmMMqqHGS65C3vvB0YHrgF+B1YmZ3441tMj5n63k0212XNoJwzlhffQw==,
      }
    engines: { node: ^8.16.0 || ^10.6.0 || >=11.0.0 }
    os: [darwin]
    requiresBuild: true
    dev: true
    optional: true

  /minimist@1.2.8:
    resolution:
      {
        integrity: sha512-2yyAR8qBkN3YuheJanUpWC5U3bb5osDywNB8RzDVlDwDHbocAJveqqj1u8+SVD7jkWT4yvsHCpWqqWqAxb0zCA==,
      }
    dev: false

  /rollup@3.28.1:
    resolution:
      {
        integrity: sha512-R9OMQmIHJm9znrU3m3cpE8uhN0fGdXiawME7aZIpQqvpS/85+Vt1Hq1/yVIcYfOmaQiHjvXkQAoJukvLpau6Yw==,
      }
    engines: { node: ">=14.18.0", npm: ">=8.0.0" }
    hasBin: true
    optionalDependencies:
      fsevents: 2.3.3
    dev: true
